
Microsoft Visual Studio Solution File, Format Version 12.00
# Visual Studio Version 17
VisualStudioVersion = 17.4.33205.214
MinimumVisualStudioVersion = 10.0.40219.1
Project("{FAE04EC0-301F-11D3-BF4B-00C04F79EFBC}") = "SW-TPmoyennes", "SW-TPmoyennes\SW-TPmoyennes.csproj", "{41473A70-679D-404F-817A-E121DC28A3F6}"
EndProject
Global
	GlobalSection(SolutionConfigurationPlatforms) = preSolution
		Debug|Any CPU = Debug|Any CPU
		Release|Any CPU = Release|Any CPU
	EndGlobalSection
	GlobalSection(ProjectConfigurationPlatforms) = postSolution
		{41473A70-679D-404F-817A-E121DC28A3F6}.Debug|Any CPU.ActiveCfg = Debug|Any CPU
		{41473A70-679D-404F-817A-E121DC28A3F6}.Debug|Any CPU.Build.0 = Debug|Any CPU
		{41473A70-679D-404F-817A-E121DC28A3F6}.Release|Any CPU.ActiveCfg = Release|Any CPU
		{41473A70-679D-404F-817A-E121DC28A3F6}.Release|Any CPU.Build.0 = Release|Any CPU
	EndGlobalSection
	GlobalSection(SolutionProperties) = preSolution
		HideSolutionNode = FALSE
	EndGlobalSection
	GlobalSection(ExtensibilityGlobals) = postSolution
		SolutionGuid = {DD3A6C06-CA0E-463A-9B90-39A79E36BF55}
	EndGlobalSection
EndGlobal
